// !$*UTF8*$!
{
	archiveVersion = 1;
	classes = {
	};
	objectVersion = 50;
	objects = {

/* Begin PBXBuildFile section */
		085E41FC227BF5D120B08357 /* Pods_Lab_3UITests.framework in Frameworks */ = {isa = PBXBuildFile; fileRef = BB7107FCF6341388A7F90F06 /* Pods_Lab_3UITests.framework */; };
		432709F0876FBAB84BAB3DBC /* Pods_Lab_3UITests.framework in Frameworks */ = {isa = PBXBuildFile; fileRef = BAC83135D3D1E2DBEDF22162 /* Pods_Lab_3UITests.framework */; };
		6DBE3E2B8C384B80C1ADEE65 /* Pods_Lab_3.framework in Frameworks */ = {isa = PBXBuildFile; fileRef = 432CE41227FF5AF71BE6593D /* Pods_Lab_3.framework */; };
		99CA944D208BBE8400084C37 /* AppDelegate.swift in Sources */ = {isa = PBXBuildFile; fileRef = 99CA944C208BBE8400084C37 /* AppDelegate.swift */; };
		99CA944F208BBE8400084C37 /* ViewController.swift in Sources */ = {isa = PBXBuildFile; fileRef = 99CA944E208BBE8400084C37 /* ViewController.swift */; };
		99CA9452208BBE8400084C37 /* Main.storyboard in Resources */ = {isa = PBXBuildFile; fileRef = 99CA9450208BBE8400084C37 /* Main.storyboard */; };
		99CA9454208BBE8700084C37 /* Assets.xcassets in Resources */ = {isa = PBXBuildFile; fileRef = 99CA9453208BBE8700084C37 /* Assets.xcassets */; };
		99CA9457208BBE8700084C37 /* LaunchScreen.storyboard in Resources */ = {isa = PBXBuildFile; fileRef = 99CA9455208BBE8700084C37 /* LaunchScreen.storyboard */; };
		99CA9462208BBE8700084C37 /* Lab_3Tests.swift in Sources */ = {isa = PBXBuildFile; fileRef = 99CA9461208BBE8700084C37 /* Lab_3Tests.swift */; };
		99CA946D208BBE8700084C37 /* Lab_3UITests.swift in Sources */ = {isa = PBXBuildFile; fileRef = 99CA946C208BBE8700084C37 /* Lab_3UITests.swift */; };
		99D79C3C20954F3600DD6788 /* key.png in Resources */ = {isa = PBXBuildFile; fileRef = 99D79C3B20954F3600DD6788 /* key.png */; };
		AD9CA7DDA404D1248C7ED25C /* Pods_Lab_3Tests.framework in Frameworks */ = {isa = PBXBuildFile; fileRef = 0A347F27513B93D3015B2748 /* Pods_Lab_3Tests.framework */; };
		C34309E70956E1AB0925129B /* Pods_Lab_3.framework in Frameworks */ = {isa = PBXBuildFile; fileRef = 4EEE2F15627CBD256B8D13D0 /* Pods_Lab_3.framework */; };
		CA46C811410EDC1EB1762560 /* Pods_Lab_3Tests.framework in Frameworks */ = {isa = PBXBuildFile; fileRef = 2816F43380841D7A44055873 /* Pods_Lab_3Tests.framework */; };
/* End PBXBuildFile section */

/* Begin PBXContainerItemProxy section */
		99CA945E208BBE8700084C37 /* PBXContainerItemProxy */ = {
			isa = PBXContainerItemProxy;
			containerPortal = 99CA9441208BBE8400084C37 /* Project object */;
			proxyType = 1;
			remoteGlobalIDString = 99CA9448208BBE8400084C37;
			remoteInfo = "Lab-3";
		};
		99CA9469208BBE8700084C37 /* PBXContainerItemProxy */ = {
			isa = PBXContainerItemProxy;
			containerPortal = 99CA9441208BBE8400084C37 /* Project object */;
			proxyType = 1;
			remoteGlobalIDString = 99CA9448208BBE8400084C37;
			remoteInfo = "Lab-3";
		};
/* End PBXContainerItemProxy section */

/* Begin PBXFileReference section */
		0A347F27513B93D3015B2748 /* Pods_Lab_3Tests.framework */ = {isa = PBXFileReference; explicitFileType = wrapper.framework; includeInIndex = 0; path = Pods_Lab_3Tests.framework; sourceTree = BUILT_PRODUCTS_DIR; };
		14697848BAF823FA49E00207 /* Pods-Lab-3Tests.debug.xcconfig */ = {isa = PBXFileReference; includeInIndex = 1; lastKnownFileType = text.xcconfig; name = "Pods-Lab-3Tests.debug.xcconfig"; path = "Pods/Target Support Files/Pods-Lab-3Tests/Pods-Lab-3Tests.debug.xcconfig"; sourceTree = "<group>"; };
		17D34AC59C788D4B5A71C21B /* Pods-Lab-3UITests.debug.xcconfig */ = {isa = PBXFileReference; includeInIndex = 1; lastKnownFileType = text.xcconfig; name = "Pods-Lab-3UITests.debug.xcconfig"; path = "Pods/Target Support Files/Pods-Lab-3UITests/Pods-Lab-3UITests.debug.xcconfig"; sourceTree = "<group>"; };
		211AFAE41F33476CB53B133A /* Pods-Lab-3.debug.xcconfig */ = {isa = PBXFileReference; includeInIndex = 1; lastKnownFileType = text.xcconfig; name = "Pods-Lab-3.debug.xcconfig"; path = "Pods/Target Support Files/Pods-Lab-3/Pods-Lab-3.debug.xcconfig"; sourceTree = "<group>"; };
		2816F43380841D7A44055873 /* Pods_Lab_3Tests.framework */ = {isa = PBXFileReference; explicitFileType = wrapper.framework; includeInIndex = 0; name = Pods_Lab_3Tests.framework; path = "../../../../Library/Developer/Xcode/DerivedData/Lab-3-ceqxaysxvetwwecsrzfzsytmoywl/Build/Products/Debug-iphoneos/Pods_Lab_3Tests.framework"; sourceTree = DEVELOPER_DIR; };
		432CE41227FF5AF71BE6593D /* Pods_Lab_3.framework */ = {isa = PBXFileReference; explicitFileType = wrapper.framework; includeInIndex = 0; name = Pods_Lab_3.framework; path = "../../../../Library/Developer/Xcode/DerivedData/Lab-3-ceqxaysxvetwwecsrzfzsytmoywl/Build/Products/Debug-iphoneos/Pods_Lab_3.framework"; sourceTree = DEVELOPER_DIR; };
		4EEE2F15627CBD256B8D13D0 /* Pods_Lab_3.framework */ = {isa = PBXFileReference; explicitFileType = wrapper.framework; includeInIndex = 0; path = Pods_Lab_3.framework; sourceTree = BUILT_PRODUCTS_DIR; };
		99CA9449208BBE8400084C37 /* Lab-3.app */ = {isa = PBXFileReference; explicitFileType = wrapper.application; includeInIndex = 0; path = "Lab-3.app"; sourceTree = BUILT_PRODUCTS_DIR; };
		99CA944C208BBE8400084C37 /* AppDelegate.swift */ = {isa = PBXFileReference; lastKnownFileType = sourcecode.swift; path = AppDelegate.swift; sourceTree = "<group>"; };
		99CA944E208BBE8400084C37 /* ViewController.swift */ = {isa = PBXFileReference; lastKnownFileType = sourcecode.swift; path = ViewController.swift; sourceTree = "<group>"; };
		99CA9451208BBE8400084C37 /* Base */ = {isa = PBXFileReference; lastKnownFileType = file.storyboard; name = Base; path = Base.lproj/Main.storyboard; sourceTree = "<group>"; };
		99CA9453208BBE8700084C37 /* Assets.xcassets */ = {isa = PBXFileReference; lastKnownFileType = folder.assetcatalog; path = Assets.xcassets; sourceTree = "<group>"; };
		99CA9456208BBE8700084C37 /* Base */ = {isa = PBXFileReference; lastKnownFileType = file.storyboard; name = Base; path = Base.lproj/LaunchScreen.storyboard; sourceTree = "<group>"; };
		99CA9458208BBE8700084C37 /* Info.plist */ = {isa = PBXFileReference; lastKnownFileType = text.plist.xml; path = Info.plist; sourceTree = "<group>"; };
		99CA945D208BBE8700084C37 /* Lab-3Tests.xctest */ = {isa = PBXFileReference; explicitFileType = wrapper.cfbundle; includeInIndex = 0; path = "Lab-3Tests.xctest"; sourceTree = BUILT_PRODUCTS_DIR; };
		99CA9461208BBE8700084C37 /* Lab_3Tests.swift */ = {isa = PBXFileReference; lastKnownFileType = sourcecode.swift; path = Lab_3Tests.swift; sourceTree = "<group>"; };
		99CA9463208BBE8700084C37 /* Info.plist */ = {isa = PBXFileReference; lastKnownFileType = text.plist.xml; path = Info.plist; sourceTree = "<group>"; };
		99CA9468208BBE8700084C37 /* Lab-3UITests.xctest */ = {isa = PBXFileReference; explicitFileType = wrapper.cfbundle; includeInIndex = 0; path = "Lab-3UITests.xctest"; sourceTree = BUILT_PRODUCTS_DIR; };
		99CA946C208BBE8700084C37 /* Lab_3UITests.swift */ = {isa = PBXFileReference; lastKnownFileType = sourcecode.swift; path = Lab_3UITests.swift; sourceTree = "<group>"; };
		99CA946E208BBE8700084C37 /* Info.plist */ = {isa = PBXFileReference; lastKnownFileType = text.plist.xml; path = Info.plist; sourceTree = "<group>"; };
		99D79C3B20954F3600DD6788 /* key.png */ = {isa = PBXFileReference; lastKnownFileType = image.png; path = key.png; sourceTree = "<group>"; };
		BAC83135D3D1E2DBEDF22162 /* Pods_Lab_3UITests.framework */ = {isa = PBXFileReference; explicitFileType = wrapper.framework; includeInIndex = 0; path = Pods_Lab_3UITests.framework; sourceTree = BUILT_PRODUCTS_DIR; };
		BB7107FCF6341388A7F90F06 /* Pods_Lab_3UITests.framework */ = {isa = PBXFileReference; explicitFileType = wrapper.framework; includeInIndex = 0; name = Pods_Lab_3UITests.framework; path = "../../../../Library/Developer/Xcode/DerivedData/Lab-3-ceqxaysxvetwwecsrzfzsytmoywl/Build/Products/Debug-iphoneos/Pods_Lab_3UITests.framework"; sourceTree = DEVELOPER_DIR; };
		CB930D8B2BCECA161F84A53A /* Pods-Lab-3Tests.release.xcconfig */ = {isa = PBXFileReference; includeInIndex = 1; lastKnownFileType = text.xcconfig; name = "Pods-Lab-3Tests.release.xcconfig"; path = "Pods/Target Support Files/Pods-Lab-3Tests/Pods-Lab-3Tests.release.xcconfig"; sourceTree = "<group>"; };
		DF1C6B55286D8898AB8D58A7 /* Pods-Lab-3.release.xcconfig */ = {isa = PBXFileReference; includeInIndex = 1; lastKnownFileType = text.xcconfig; name = "Pods-Lab-3.release.xcconfig"; path = "Pods/Target Support Files/Pods-Lab-3/Pods-Lab-3.release.xcconfig"; sourceTree = "<group>"; };
		F0AA80A8A20794A8FA9E2802 /* Pods-Lab-3UITests.release.xcconfig */ = {isa = PBXFileReference; includeInIndex = 1; lastKnownFileType = text.xcconfig; name = "Pods-Lab-3UITests.release.xcconfig"; path = "Pods/Target Support Files/Pods-Lab-3UITests/Pods-Lab-3UITests.release.xcconfig"; sourceTree = "<group>"; };
/* End PBXFileReference section */

/* Begin PBXFrameworksBuildPhase section */
		99CA9446208BBE8400084C37 /* Frameworks */ = {
			isa = PBXFrameworksBuildPhase;
			buildActionMask = 2147483647;
			files = (
				6DBE3E2B8C384B80C1ADEE65 /* Pods_Lab_3.framework in Frameworks */,
				C34309E70956E1AB0925129B /* Pods_Lab_3.framework in Frameworks */,
			);
			runOnlyForDeploymentPostprocessing = 0;
		};
		99CA945A208BBE8700084C37 /* Frameworks */ = {
			isa = PBXFrameworksBuildPhase;
			buildActionMask = 2147483647;
			files = (
				CA46C811410EDC1EB1762560 /* Pods_Lab_3Tests.framework in Frameworks */,
				AD9CA7DDA404D1248C7ED25C /* Pods_Lab_3Tests.framework in Frameworks */,
			);
			runOnlyForDeploymentPostprocessing = 0;
		};
		99CA9465208BBE8700084C37 /* Frameworks */ = {
			isa = PBXFrameworksBuildPhase;
			buildActionMask = 2147483647;
			files = (
				085E41FC227BF5D120B08357 /* Pods_Lab_3UITests.framework in Frameworks */,
				432709F0876FBAB84BAB3DBC /* Pods_Lab_3UITests.framework in Frameworks */,
			);
			runOnlyForDeploymentPostprocessing = 0;
		};
/* End PBXFrameworksBuildPhase section */

/* Begin PBXGroup section */
		592B80B657CD68CF7AAA254D /* Frameworks */ = {
			isa = PBXGroup;
			children = (
				432CE41227FF5AF71BE6593D /* Pods_Lab_3.framework */,
				2816F43380841D7A44055873 /* Pods_Lab_3Tests.framework */,
				BB7107FCF6341388A7F90F06 /* Pods_Lab_3UITests.framework */,
				4EEE2F15627CBD256B8D13D0 /* Pods_Lab_3.framework */,
				0A347F27513B93D3015B2748 /* Pods_Lab_3Tests.framework */,
				BAC83135D3D1E2DBEDF22162 /* Pods_Lab_3UITests.framework */,
			);
			name = Frameworks;
			sourceTree = "<group>";
		};
		99CA9440208BBE8400084C37 = {
			isa = PBXGroup;
			children = (
				99CA944B208BBE8400084C37 /* Lab-3 */,
				99CA9460208BBE8700084C37 /* Lab-3Tests */,
				99CA946B208BBE8700084C37 /* Lab-3UITests */,
				99CA944A208BBE8400084C37 /* Products */,
				E9326A962192DF41440494B7 /* Pods */,
				592B80B657CD68CF7AAA254D /* Frameworks */,
			);
			sourceTree = "<group>";
		};
		99CA944A208BBE8400084C37 /* Products */ = {
			isa = PBXGroup;
			children = (
				99CA9449208BBE8400084C37 /* Lab-3.app */,
				99CA945D208BBE8700084C37 /* Lab-3Tests.xctest */,
				99CA9468208BBE8700084C37 /* Lab-3UITests.xctest */,
			);
			name = Products;
			sourceTree = "<group>";
		};
		99CA944B208BBE8400084C37 /* Lab-3 */ = {
			isa = PBXGroup;
			children = (
				99D79C3A20954F2300DD6788 /* pictures */,
				99CA944C208BBE8400084C37 /* AppDelegate.swift */,
				99CA944E208BBE8400084C37 /* ViewController.swift */,
				99CA9450208BBE8400084C37 /* Main.storyboard */,
				99CA9453208BBE8700084C37 /* Assets.xcassets */,
				99CA9455208BBE8700084C37 /* LaunchScreen.storyboard */,
				99CA9458208BBE8700084C37 /* Info.plist */,
			);
			path = "Lab-3";
			sourceTree = "<group>";
		};
		99CA9460208BBE8700084C37 /* Lab-3Tests */ = {
			isa = PBXGroup;
			children = (
				99CA9461208BBE8700084C37 /* Lab_3Tests.swift */,
				99CA9463208BBE8700084C37 /* Info.plist */,
			);
			path = "Lab-3Tests";
			sourceTree = "<group>";
		};
		99CA946B208BBE8700084C37 /* Lab-3UITests */ = {
			isa = PBXGroup;
			children = (
				99CA946C208BBE8700084C37 /* Lab_3UITests.swift */,
				99CA946E208BBE8700084C37 /* Info.plist */,
			);
			path = "Lab-3UITests";
			sourceTree = "<group>";
		};
		99D79C3A20954F2300DD6788 /* pictures */ = {
			isa = PBXGroup;
			children = (
				99D79C3B20954F3600DD6788 /* key.png */,
			);
			path = pictures;
			sourceTree = "<group>";
		};
		E9326A962192DF41440494B7 /* Pods */ = {
			isa = PBXGroup;
			children = (
				211AFAE41F33476CB53B133A /* Pods-Lab-3.debug.xcconfig */,
				DF1C6B55286D8898AB8D58A7 /* Pods-Lab-3.release.xcconfig */,
				14697848BAF823FA49E00207 /* Pods-Lab-3Tests.debug.xcconfig */,
				CB930D8B2BCECA161F84A53A /* Pods-Lab-3Tests.release.xcconfig */,
				17D34AC59C788D4B5A71C21B /* Pods-Lab-3UITests.debug.xcconfig */,
				F0AA80A8A20794A8FA9E2802 /* Pods-Lab-3UITests.release.xcconfig */,
			);
			name = Pods;
			sourceTree = "<group>";
		};
/* End PBXGroup section */

/* Begin PBXNativeTarget section */
		99CA9448208BBE8400084C37 /* Lab-3 */ = {
			isa = PBXNativeTarget;
			buildConfigurationList = 99CA9471208BBE8700084C37 /* Build configuration list for PBXNativeTarget "Lab-3" */;
			buildPhases = (
				4BEBCCE6F44DED83EC536FD8 /* [CP] Check Pods Manifest.lock */,
				99CA9445208BBE8400084C37 /* Sources */,
				99CA9446208BBE8400084C37 /* Frameworks */,
				99CA9447208BBE8400084C37 /* Resources */,
				8B2DEBACA74527B547706B0C /* [CP] Embed Pods Frameworks */,
			);
			buildRules = (
			);
			dependencies = (
			);
			name = "Lab-3";
			productName = "Lab-3";
			productReference = 99CA9449208BBE8400084C37 /* Lab-3.app */;
			productType = "com.apple.product-type.application";
		};
		99CA945C208BBE8700084C37 /* Lab-3Tests */ = {
			isa = PBXNativeTarget;
			buildConfigurationList = 99CA9474208BBE8700084C37 /* Build configuration list for PBXNativeTarget "Lab-3Tests" */;
			buildPhases = (
				57F825049719BE6F88977521 /* [CP] Check Pods Manifest.lock */,
				99CA9459208BBE8700084C37 /* Sources */,
				99CA945A208BBE8700084C37 /* Frameworks */,
				99CA945B208BBE8700084C37 /* Resources */,
			);
			buildRules = (
			);
			dependencies = (
				99CA945F208BBE8700084C37 /* PBXTargetDependency */,
			);
			name = "Lab-3Tests";
			productName = "Lab-3Tests";
			productReference = 99CA945D208BBE8700084C37 /* Lab-3Tests.xctest */;
			productType = "com.apple.product-type.bundle.unit-test";
		};
		99CA9467208BBE8700084C37 /* Lab-3UITests */ = {
			isa = PBXNativeTarget;
			buildConfigurationList = 99CA9477208BBE8700084C37 /* Build configuration list for PBXNativeTarget "Lab-3UITests" */;
			buildPhases = (
				4C598B0F582BD9C7DFE8518A /* [CP] Check Pods Manifest.lock */,
				99CA9464208BBE8700084C37 /* Sources */,
				99CA9465208BBE8700084C37 /* Frameworks */,
				99CA9466208BBE8700084C37 /* Resources */,
			);
			buildRules = (
			);
			dependencies = (
				99CA946A208BBE8700084C37 /* PBXTargetDependency */,
			);
			name = "Lab-3UITests";
			productName = "Lab-3UITests";
			productReference = 99CA9468208BBE8700084C37 /* Lab-3UITests.xctest */;
			productType = "com.apple.product-type.bundle.ui-testing";
		};
/* End PBXNativeTarget section */

/* Begin PBXProject section */
		99CA9441208BBE8400084C37 /* Project object */ = {
			isa = PBXProject;
			attributes = {
				LastSwiftUpdateCheck = 0930;
				LastUpgradeCheck = 0930;
				ORGANIZATIONNAME = "Shweta Kothari";
				TargetAttributes = {
					99CA9448208BBE8400084C37 = {
						CreatedOnToolsVersion = 9.3;
					};
					99CA945C208BBE8700084C37 = {
						CreatedOnToolsVersion = 9.3;
						TestTargetID = 99CA9448208BBE8400084C37;
					};
					99CA9467208BBE8700084C37 = {
						CreatedOnToolsVersion = 9.3;
						TestTargetID = 99CA9448208BBE8400084C37;
					};
				};
			};
			buildConfigurationList = 99CA9444208BBE8400084C37 /* Build configuration list for PBXProject "Lab-3" */;
			compatibilityVersion = "Xcode 9.3";
			developmentRegion = en;
			hasScannedForEncodings = 0;
			knownRegions = (
				en,
				Base,
			);
			mainGroup = 99CA9440208BBE8400084C37;
			productRefGroup = 99CA944A208BBE8400084C37 /* Products */;
			projectDirPath = "";
			projectRoot = "";
			targets = (
				99CA9448208BBE8400084C37 /* Lab-3 */,
				99CA945C208BBE8700084C37 /* Lab-3Tests */,
				99CA9467208BBE8700084C37 /* Lab-3UITests */,
			);
		};
/* End PBXProject section */

/* Begin PBXResourcesBuildPhase section */
		99CA9447208BBE8400084C37 /* Resources */ = {
			isa = PBXResourcesBuildPhase;
			buildActionMask = 2147483647;
			files = (
				99CA9457208BBE8700084C37 /* LaunchScreen.storyboard in Resources */,
				99CA9454208BBE8700084C37 /* Assets.xcassets in Resources */,
				99CA9452208BBE8400084C37 /* Main.storyboard in Resources */,
				99D79C3C20954F3600DD6788 /* key.png in Resources */,
			);
			runOnlyForDeploymentPostprocessing = 0;
		};
		99CA945B208BBE8700084C37 /* Resources */ = {
			isa = PBXResourcesBuildPhase;
			buildActionMask = 2147483647;
			files = (
			);
			runOnlyForDeploymentPostprocessing = 0;
		};
		99CA9466208BBE8700084C37 /* Resources */ = {
			isa = PBXResourcesBuildPhase;
			buildActionMask = 2147483647;
			files = (
			);
			runOnlyForDeploymentPostprocessing = 0;
		};
/* End PBXResourcesBuildPhase section */

/* Begin PBXShellScriptBuildPhase section */
		4BEBCCE6F44DED83EC536FD8 /* [CP] Check Pods Manifest.lock */ = {
			isa = PBXShellScriptBuildPhase;
			buildActionMask = 2147483647;
			files = (
			);
			inputPaths = (
				"${PODS_PODFILE_DIR_PATH}/Podfile.lock",
				"${PODS_ROOT}/Manifest.lock",
			);
			name = "[CP] Check Pods Manifest.lock";
			outputPaths = (
				"$(DERIVED_FILE_DIR)/Pods-Lab-3-checkManifestLockResult.txt",
			);
			runOnlyForDeploymentPostprocessing = 0;
			shellPath = /bin/sh;
			shellScript = "diff \"${PODS_PODFILE_DIR_PATH}/Podfile.lock\" \"${PODS_ROOT}/Manifest.lock\" > /dev/null\nif [ $? != 0 ] ; then\n    # print error to STDERR\n    echo \"error: The sandbox is not in sync with the Podfile.lock. Run 'pod install' or update your CocoaPods installation.\" >&2\n    exit 1\nfi\n# This output is used by Xcode 'outputs' to avoid re-running this script phase.\necho \"SUCCESS\" > \"${SCRIPT_OUTPUT_FILE_0}\"\n";
			showEnvVarsInLog = 0;
		};
		4C598B0F582BD9C7DFE8518A /* [CP] Check Pods Manifest.lock */ = {
			isa = PBXShellScriptBuildPhase;
			buildActionMask = 2147483647;
			files = (
			);
			inputPaths = (
				"${PODS_PODFILE_DIR_PATH}/Podfile.lock",
				"${PODS_ROOT}/Manifest.lock",
			);
			name = "[CP] Check Pods Manifest.lock";
			outputPaths = (
				"$(DERIVED_FILE_DIR)/Pods-Lab-3UITests-checkManifestLockResult.txt",
			);
			runOnlyForDeploymentPostprocessing = 0;
			shellPath = /bin/sh;
			shellScript = "diff \"${PODS_PODFILE_DIR_PATH}/Podfile.lock\" \"${PODS_ROOT}/Manifest.lock\" > /dev/null\nif [ $? != 0 ] ; then\n    # print error to STDERR\n    echo \"error: The sandbox is not in sync with the Podfile.lock. Run 'pod install' or update your CocoaPods installation.\" >&2\n    exit 1\nfi\n# This output is used by Xcode 'outputs' to avoid re-running this script phase.\necho \"SUCCESS\" > \"${SCRIPT_OUTPUT_FILE_0}\"\n";
			showEnvVarsInLog = 0;
		};
		57F825049719BE6F88977521 /* [CP] Check Pods Manifest.lock */ = {
			isa = PBXShellScriptBuildPhase;
			buildActionMask = 2147483647;
			files = (
			);
			inputPaths = (
				"${PODS_PODFILE_DIR_PATH}/Podfile.lock",
				"${PODS_ROOT}/Manifest.lock",
			);
			name = "[CP] Check Pods Manifest.lock";
			outputPaths = (
				"$(DERIVED_FILE_DIR)/Pods-Lab-3Tests-checkManifestLockResult.txt",
			);
			runOnlyForDeploymentPostprocessing = 0;
			shellPath = /bin/sh;
			shellScript = "diff \"${PODS_PODFILE_DIR_PATH}/Podfile.lock\" \"${PODS_ROOT}/Manifest.lock\" > /dev/null\nif [ $? != 0 ] ; then\n    # print error to STDERR\n    echo \"error: The sandbox is not in sync with the Podfile.lock. Run 'pod install' or update your CocoaPods installation.\" >&2\n    exit 1\nfi\n# This output is used by Xcode 'outputs' to avoid re-running this script phase.\necho \"SUCCESS\" > \"${SCRIPT_OUTPUT_FILE_0}\"\n";
			showEnvVarsInLog = 0;
		};
		8B2DEBACA74527B547706B0C /* [CP] Embed Pods Frameworks */ = {
			isa = PBXShellScriptBuildPhase;
			buildActionMask = 2147483647;
			files = (
			);
			inputPaths = (
				"${SRCROOT}/Pods/Target Support Files/Pods-Lab-3/Pods-Lab-3-frameworks.sh",
				"${BUILT_PRODUCTS_DIR}/MarqueeLabel/MarqueeLabel.framework",
				"${BUILT_PRODUCTS_DIR}/NotificationBannerSwift/NotificationBannerSwift.framework",
				"${BUILT_PRODUCTS_DIR}/SnapKit/SnapKit.framework",
			);
			name = "[CP] Embed Pods Frameworks";
			outputPaths = (
				"${TARGET_BUILD_DIR}/${FRAMEWORKS_FOLDER_PATH}/MarqueeLabel.framework",
				"${TARGET_BUILD_DIR}/${FRAMEWORKS_FOLDER_PATH}/NotificationBannerSwift.framework",
				"${TARGET_BUILD_DIR}/${FRAMEWORKS_FOLDER_PATH}/SnapKit.framework",
			);
			runOnlyForDeploymentPostprocessing = 0;
			shellPath = /bin/sh;
			shellScript = "\"${SRCROOT}/Pods/Target Support Files/Pods-Lab-3/Pods-Lab-3-frameworks.sh\"\n";
			showEnvVarsInLog = 0;
		};
/* End PBXShellScriptBuildPhase section */

/* Begin PBXSourcesBuildPhase section */
		99CA9445208BBE8400084C37 /* Sources */ = {
			isa = PBXSourcesBuildPhase;
			buildActionMask = 2147483647;
			files = (
				99CA944F208BBE8400084C37 /* ViewController.swift in Sources */,
				99CA944D208BBE8400084C37 /* AppDelegate.swift in Sources */,
			);
			runOnlyForDeploymentPostprocessing = 0;
		};
		99CA9459208BBE8700084C37 /* Sources */ = {
			isa = PBXSourcesBuildPhase;
			buildActionMask = 2147483647;
			files = (
				99CA9462208BBE8700084C37 /* Lab_3Tests.swift in Sources */,
			);
			runOnlyForDeploymentPostprocessing = 0;
		};
		99CA9464208BBE8700084C37 /* Sources */ = {
			isa = PBXSourcesBuildPhase;
			buildActionMask = 2147483647;
			files = (
				99CA946D208BBE8700084C37 /* Lab_3UITests.swift in Sources */,
			);
			runOnlyForDeploymentPostprocessing = 0;
		};
/* End PBXSourcesBuildPhase section */

/* Begin PBXTargetDependency section */
		99CA945F208BBE8700084C37 /* PBXTargetDependency */ = {
			isa = PBXTargetDependency;
			target = 99CA9448208BBE8400084C37 /* Lab-3 */;
			targetProxy = 99CA945E208BBE8700084C37 /* PBXContainerItemProxy */;
		};
		99CA946A208BBE8700084C37 /* PBXTargetDependency */ = {
			isa = PBXTargetDependency;
			target = 99CA9448208BBE8400084C37 /* Lab-3 */;
			targetProxy = 99CA9469208BBE8700084C37 /* PBXContainerItemProxy */;
		};
/* End PBXTargetDependency section */

/* Begin PBXVariantGroup section */
		99CA9450208BBE8400084C37 /* Main.storyboard */ = {
			isa = PBXVariantGroup;
			children = (
				99CA9451208BBE8400084C37 /* Base */,
			);
			name = Main.storyboard;
			sourceTree = "<group>";
		};
		99CA9455208BBE8700084C37 /* LaunchScreen.storyboard */ = {
			isa = PBXVariantGroup;
			children = (
				99CA9456208BBE8700084C37 /* Base */,
			);
			name = LaunchScreen.storyboard;
			sourceTree = "<group>";
		};
/* End PBXVariantGroup section */

/* Begin XCBuildConfiguration section */
		99CA946F208BBE8700084C37 /* Debug */ = {
			isa = XCBuildConfiguration;
			buildSettings = {
				ALWAYS_SEARCH_USER_PATHS = NO;
				CLANG_ANALYZER_NONNULL = YES;
				CLANG_ANALYZER_NUMBER_OBJECT_CONVERSION = YES_AGGRESSIVE;
				CLANG_CXX_LANGUAGE_STANDARD = "gnu++14";
				CLANG_CXX_LIBRARY = "libc++";
				CLANG_ENABLE_MODULES = YES;
				CLANG_ENABLE_OBJC_ARC = YES;
				CLANG_ENABLE_OBJC_WEAK = YES;
				CLANG_WARN_BLOCK_CAPTURE_AUTORELEASING = YES;
				CLANG_WARN_BOOL_CONVERSION = YES;
				CLANG_WARN_COMMA = YES;
				CLANG_WARN_CONSTANT_CONVERSION = YES;
				CLANG_WARN_DEPRECATED_OBJC_IMPLEMENTATIONS = YES;
				CLANG_WARN_DIRECT_OBJC_ISA_USAGE = YES_ERROR;
				CLANG_WARN_DOCUMENTATION_COMMENTS = YES;
				CLANG_WARN_EMPTY_BODY = YES;
				CLANG_WARN_ENUM_CONVERSION = YES;
				CLANG_WARN_INFINITE_RECURSION = YES;
				CLANG_WARN_INT_CONVERSION = YES;
				CLANG_WARN_NON_LITERAL_NULL_CONVERSION = YES;
				CLANG_WARN_OBJC_IMPLICIT_RETAIN_SELF = YES;
				CLANG_WARN_OBJC_LITERAL_CONVERSION = YES;
				CLANG_WARN_OBJC_ROOT_CLASS = YES_ERROR;
				CLANG_WARN_RANGE_LOOP_ANALYSIS = YES;
				CLANG_WARN_STRICT_PROTOTYPES = YES;
				CLANG_WARN_SUSPICIOUS_MOVE = YES;
				CLANG_WARN_UNGUARDED_AVAILABILITY = YES_AGGRESSIVE;
				CLANG_WARN_UNREACHABLE_CODE = YES;
				CLANG_WARN__DUPLICATE_METHOD_MATCH = YES;
				CODE_SIGN_IDENTITY = "iPhone Developer";
				COPY_PHASE_STRIP = NO;
				DEBUG_INFORMATION_FORMAT = dwarf;
				ENABLE_STRICT_OBJC_MSGSEND = YES;
				ENABLE_TESTABILITY = YES;
				GCC_C_LANGUAGE_STANDARD = gnu11;
				GCC_DYNAMIC_NO_PIC = NO;
				GCC_NO_COMMON_BLOCKS = YES;
				GCC_OPTIMIZATION_LEVEL = 0;
				GCC_PREPROCESSOR_DEFINITIONS = (
					"DEBUG=1",
					"$(inherited)",
				);
				GCC_WARN_64_TO_32_BIT_CONVERSION = YES;
				GCC_WARN_ABOUT_RETURN_TYPE = YES_ERROR;
				GCC_WARN_UNDECLARED_SELECTOR = YES;
				GCC_WARN_UNINITIALIZED_AUTOS = YES_AGGRESSIVE;
				GCC_WARN_UNUSED_FUNCTION = YES;
				GCC_WARN_UNUSED_VARIABLE = YES;
				IPHONEOS_DEPLOYMENT_TARGET = 11.3;
				MTL_ENABLE_DEBUG_INFO = YES;
				ONLY_ACTIVE_ARCH = YES;
				SDKROOT = iphoneos;
				SWIFT_ACTIVE_COMPILATION_CONDITIONS = DEBUG;
				SWIFT_OPTIMIZATION_LEVEL = "-Onone";
			};
			name = Debug;
		};
		99CA9470208BBE8700084C37 /* Release */ = {
			isa = XCBuildConfiguration;
			buildSettings = {
				ALWAYS_SEARCH_USER_PATHS = NO;
				CLANG_ANALYZER_NONNULL = YES;
				CLANG_ANALYZER_NUMBER_OBJECT_CONVERSION = YES_AGGRESSIVE;
				CLANG_CXX_LANGUAGE_STANDARD = "gnu++14";
				CLANG_CXX_LIBRARY = "libc++";
				CLANG_ENABLE_MODULES = YES;
				CLANG_ENABLE_OBJC_ARC = YES;
				CLANG_ENABLE_OBJC_WEAK = YES;
				CLANG_WARN_BLOCK_CAPTURE_AUTORELEASING = YES;
				CLANG_WARN_BOOL_CONVERSION = YES;
				CLANG_WARN_COMMA = YES;
				CLANG_WARN_CONSTANT_CONVERSION = YES;
				CLANG_WARN_DEPRECATED_OBJC_IMPLEMENTATIONS = YES;
				CLANG_WARN_DIRECT_OBJC_ISA_USAGE = YES_ERROR;
				CLANG_WARN_DOCUMENTATION_COMMENTS = YES;
				CLANG_WARN_EMPTY_BODY = YES;
				CLANG_WARN_ENUM_CONVERSION = YES;
				CLANG_WARN_INFINITE_RECURSION = YES;
				CLANG_WARN_INT_CONVERSION = YES;
				CLANG_WARN_NON_LITERAL_NULL_CONVERSION = YES;
				CLANG_WARN_OBJC_IMPLICIT_RETAIN_SELF = YES;
				CLANG_WARN_OBJC_LITERAL_CONVERSION = YES;
				CLANG_WARN_OBJC_ROOT_CLASS = YES_ERROR;
				CLANG_WARN_RANGE_LOOP_ANALYSIS = YES;
				CLANG_WARN_STRICT_PROTOTYPES = YES;
				CLANG_WARN_SUSPICIOUS_MOVE = YES;
				CLANG_WARN_UNGUARDED_AVAILABILITY = YES_AGGRESSIVE;
				CLANG_WARN_UNREACHABLE_CODE = YES;
				CLANG_WARN__DUPLICATE_METHOD_MATCH = YES;
				CODE_SIGN_IDENTITY = "iPhone Developer";
				COPY_PHASE_STRIP = NO;
				DEBUG_INFORMATION_FORMAT = "dwarf-with-dsym";
				ENABLE_NS_ASSERTIONS = NO;
				ENABLE_STRICT_OBJC_MSGSEND = YES;
				GCC_C_LANGUAGE_STANDARD = gnu11;
				GCC_NO_COMMON_BLOCKS = YES;
				GCC_WARN_64_TO_32_BIT_CONVERSION = YES;
				GCC_WARN_ABOUT_RETURN_TYPE = YES_ERROR;
				GCC_WARN_UNDECLARED_SELECTOR = YES;
				GCC_WARN_UNINITIALIZED_AUTOS = YES_AGGRESSIVE;
				GCC_WARN_UNUSED_FUNCTION = YES;
				GCC_WARN_UNUSED_VARIABLE = YES;
				IPHONEOS_DEPLOYMENT_TARGET = 11.3;
				MTL_ENABLE_DEBUG_INFO = NO;
				SDKROOT = iphoneos;
				SWIFT_COMPILATION_MODE = wholemodule;
				SWIFT_OPTIMIZATION_LEVEL = "-O";
				VALIDATE_PRODUCT = YES;
			};
			name = Release;
		};
		99CA9472208BBE8700084C37 /* Debug */ = {
			isa = XCBuildConfiguration;
			baseConfigurationReference = 211AFAE41F33476CB53B133A /* Pods-Lab-3.debug.xcconfig */;
			buildSettings = {
				ASSETCATALOG_COMPILER_APPICON_NAME = AppIcon;
				CODE_SIGN_STYLE = Automatic;
				INFOPLIST_FILE = "Lab-3/Info.plist";
				LD_RUNPATH_SEARCH_PATHS = "$(inherited) @executable_path/Frameworks";
				PRODUCT_BUNDLE_IDENTIFIER = "-77.Lab-3";
				PRODUCT_NAME = "$(TARGET_NAME)";
				SWIFT_VERSION = 4.0;
				TARGETED_DEVICE_FAMILY = "1,2";
			};
			name = Debug;
		};
		99CA9473208BBE8700084C37 /* Release */ = {
			isa = XCBuildConfiguration;
			baseConfigurationReference = DF1C6B55286D8898AB8D58A7 /* Pods-Lab-3.release.xcconfig */;
			buildSettings = {
				ASSETCATALOG_COMPILER_APPICON_NAME = AppIcon;
				CODE_SIGN_STYLE = Automatic;
				INFOPLIST_FILE = "Lab-3/Info.plist";
				LD_RUNPATH_SEARCH_PATHS = "$(inherited) @executable_path/Frameworks";
				PRODUCT_BUNDLE_IDENTIFIER = "-77.Lab-3";
				PRODUCT_NAME = "$(TARGET_NAME)";
				SWIFT_VERSION = 4.0;
				TARGETED_DEVICE_FAMILY = "1,2";
			};
			name = Release;
		};
		99CA9475208BBE8700084C37 /* Debug */ = {
			isa = XCBuildConfiguration;
			baseConfigurationReference = 14697848BAF823FA49E00207 /* Pods-Lab-3Tests.debug.xcconfig */;
			buildSettings = {
				ALWAYS_EMBED_SWIFT_STANDARD_LIBRARIES = YES;
				BUNDLE_LOADER = "$(TEST_HOST)";
				CODE_SIGN_STYLE = Automatic;
				INFOPLIST_FILE = "Lab-3Tests/Info.plist";
				LD_RUNPATH_SEARCH_PATHS = "$(inherited) @executable_path/Frameworks @loader_path/Frameworks";
				PRODUCT_BUNDLE_IDENTIFIER = "-77.Lab-3Tests";
				PRODUCT_NAME = "$(TARGET_NAME)";
				SWIFT_VERSION = 4.0;
				TARGETED_DEVICE_FAMILY = "1,2";
				TEST_HOST = "$(BUILT_PRODUCTS_DIR)/Lab-3.app/Lab-3";
			};
			name = Debug;
		};
		99CA9476208BBE8700084C37 /* Release */ = {
			isa = XCBuildConfiguration;
			baseConfigurationReference = CB930D8B2BCECA161F84A53A /* Pods-Lab-3Tests.release.xcconfig */;
			buildSettings = {
				ALWAYS_EMBED_SWIFT_STANDARD_LIBRARIES = YES;
				BUNDLE_LOADER = "$(TEST_HOST)";
				CODE_SIGN_STYLE = Automatic;
				INFOPLIST_FILE = "Lab-3Tests/Info.plist";
				LD_RUNPATH_SEARCH_PATHS = "$(inherited) @executable_path/Frameworks @loader_path/Frameworks";
				PRODUCT_BUNDLE_IDENTIFIER = "-77.Lab-3Tests";
				PRODUCT_NAME = "$(TARGET_NAME)";
				SWIFT_VERSION = 4.0;
				TARGETED_DEVICE_FAMILY = "1,2";
				TEST_HOST = "$(BUILT_PRODUCTS_DIR)/Lab-3.app/Lab-3";
			};
			name = Release;
		};
		99CA9478208BBE8700084C37 /* Debug */ = {
			isa = XCBuildConfiguration;
			baseConfigurationReference = 17D34AC59C788D4B5A71C21B /* Pods-Lab-3UITests.debug.xcconfig */;
			buildSettings = {
				ALWAYS_EMBED_SWIFT_STANDARD_LIBRARIES = YES;
				CODE_SIGN_STYLE = Automatic;
				INFOPLIST_FILE = "Lab-3UITests/Info.plist";
				LD_RUNPATH_SEARCH_PATHS = "$(inherited) @executable_path/Frameworks @loader_path/Frameworks";
				PRODUCT_BUNDLE_IDENTIFIER = "-77.Lab-3UITests";
				PRODUCT_NAME = "$(TARGET_NAME)";
				SWIFT_VERSION = 4.0;
				TARGETED_DEVICE_FAMILY = "1,2";
				TEST_TARGET_NAME = "Lab-3";
			};
			name = Debug;
		};
		99CA9479208BBE8700084C37 /* Release */ = {
			isa = XCBuildConfiguration;
			baseConfigurationReference = F0AA80A8A20794A8FA9E2802 /* Pods-Lab-3UITests.release.xcconfig */;
			buildSettings = {
				ALWAYS_EMBED_SWIFT_STANDARD_LIBRARIES = YES;
				CODE_SIGN_STYLE = Automatic;
				INFOPLIST_FILE = "Lab-3UITests/Info.plist";
				LD_RUNPATH_SEARCH_PATHS = "$(inherited) @executable_path/Frameworks @loader_path/Frameworks";
				PRODUCT_BUNDLE_IDENTIFIER = "-77.Lab-3UITests";
				PRODUCT_NAME = "$(TARGET_NAME)";
				SWIFT_VERSION = 4.0;
				TARGETED_DEVICE_FAMILY = "1,2";
				TEST_TARGET_NAME = "Lab-3";
			};
			name = Release;
		};
/* End XCBuildConfiguration section */

/* Begin XCConfigurationList section */
		99CA9444208BBE8400084C37 /* Build configuration list for PBXProject "Lab-3" */ = {
			isa = XCConfigurationList;
			buildConfigurations = (
				99CA946F208BBE8700084C37 /* Debug */,
				99CA9470208BBE8700084C37 /* Release */,
			);
			defaultConfigurationIsVisible = 0;
			defaultConfigurationName = Release;
		};
		99CA9471208BBE8700084C37 /* Build configuration list for PBXNativeTarget "Lab-3" */ = {
			isa = XCConfigurationList;
			buildConfigurations = (
				99CA9472208BBE8700084C37 /* Debug */,
				99CA9473208BBE8700084C37 /* Release */,
			);
			defaultConfigurationIsVisible = 0;
			defaultConfigurationName = Release;
		};
		99CA9474208BBE8700084C37 /* Build configuration list for PBXNativeTarget "Lab-3Tests" */ = {
			isa = XCConfigurationList;
			buildConfigurations = (
				99CA9475208BBE8700084C37 /* Debug */,
				99CA9476208BBE8700084C37 /* Release */,
			);
			defaultConfigurationIsVisible = 0;
			defaultConfigurationName = Release;
		};
		99CA9477208BBE8700084C37 /* Build configuration list for PBXNativeTarget "Lab-3UITests" */ = {
			isa = XCConfigurationList;
			buildConfigurations = (
				99CA9478208BBE8700084C37 /* Debug */,
				99CA9479208BBE8700084C37 /* Release */,
			);
			defaultConfigurationIsVisible = 0;
			defaultConfigurationName = Release;
		};
/* End XCConfigurationList section */
	};
	rootObject = 99CA9441208BBE8400084C37 /* Project object */;
}
